{
  "version": 4,
  "terraform_version": "1.2.8",
  "serial": 4,
  "lineage": "468a53ec-1777-e4f4-e988-f1483afba21f",
  "outputs": {
    "default_instance_public_ip": {
      "value": "51.250.94.154",
      "type": "string"
    },
    "last_ubuntu": {
      "value": "fd8haecqq3rn9ch89eua",
      "type": "string"
    },
    "subnet_id": {
      "value": "e9bs6uun3jbfir23cit3",
      "type": "string"
    }
  },
  "resources": [
    {
      "mode": "data",
      "type": "yandex_compute_image",
      "name": "last_ubuntu",
      "provider": "provider[\"registry.terraform.io/yandex-cloud/yandex\"]",
      "instances": [
        {
          "schema_version": 0,
          "attributes": {
            "created_at": "2022-10-31T10:48:01Z",
            "description": "ubuntu 22.04 lts",
            "family": "ubuntu-2204-lts",
            "folder_id": "standard-images",
            "id": "fd8haecqq3rn9ch89eua",
            "image_id": "fd8haecqq3rn9ch89eua",
            "labels": {},
            "min_disk_size": 5,
            "name": "ubuntu-22-04-lts-v20221031",
            "os_type": "linux",
            "pooled": true,
            "product_ids": [
              "f2ep2gkojm60mnelk7r1"
            ],
            "size": 4,
            "status": "ready"
          },
          "sensitive_attributes": []
        }
      ]
    },
    {
      "mode": "managed",
      "type": "yandex_compute_instance",
      "name": "default",
      "provider": "provider[\"registry.terraform.io/yandex-cloud/yandex\"]",
      "instances": [
        {
          "schema_version": 1,
          "attributes": {
            "allow_recreate": null,
            "allow_stopping_for_update": null,
            "boot_disk": [
              {
                "auto_delete": true,
                "device_name": "fhmiqc3n55kkqfreqbm1",
                "disk_id": "fhmiqc3n55kkqfreqbm1",
                "initialize_params": [
                  {
                    "block_size": 4096,
                    "description": "",
                    "image_id": "fd8haecqq3rn9ch89eua",
                    "name": "",
                    "size": 5,
                    "snapshot_id": "",
                    "type": "network-hdd"
                  }
                ],
                "mode": "READ_WRITE"
              }
            ],
            "created_at": "2022-11-05T19:23:48Z",
            "description": "",
            "folder_id": "b1gnbvfpg8dclod4m0st",
            "fqdn": "fhm8flqn7uht3qi0qq4t.auto.internal",
            "hostname": "",
            "id": "fhm8flqn7uht3qi0qq4t",
            "labels": null,
            "local_disk": [],
            "metadata": null,
            "name": "test-instance",
            "network_acceleration_type": "standard",
            "network_interface": [
              {
                "dns_record": [],
                "index": 0,
                "ip_address": "10.2.0.8",
                "ipv4": true,
                "ipv6": false,
                "ipv6_address": "",
                "ipv6_dns_record": [],
                "mac_address": "d0:0d:87:d7:57:3f",
                "nat": true,
                "nat_dns_record": [],
                "nat_ip_address": "51.250.94.154",
                "nat_ip_version": "IPV4",
                "security_group_ids": [],
                "subnet_id": "e9bs6uun3jbfir23cit3"
              }
            ],
            "placement_policy": [
              {
                "host_affinity_rules": [],
                "placement_group_id": ""
              }
            ],
            "platform_id": "standard-v1",
            "resources": [
              {
                "core_fraction": 5,
                "cores": 2,
                "gpus": 0,
                "memory": 1
              }
            ],
            "scheduling_policy": [
              {
                "preemptible": false
              }
            ],
            "secondary_disk": [],
            "service_account_id": "",
            "status": "running",
            "timeouts": null,
            "zone": "ru-central1-a"
          },
          "sensitive_attributes": [],
          "private": "eyJlMmJmYjczMC1lY2FhLTExZTYtOGY4OC0zNDM2M2JjN2M0YzAiOnsiY3JlYXRlIjozMDAwMDAwMDAwMDAsImRlbGV0ZSI6MzAwMDAwMDAwMDAwLCJ1cGRhdGUiOjMwMDAwMDAwMDAwMH0sInNjaGVtYV92ZXJzaW9uIjoiMSJ9",
          "dependencies": [
            "data.yandex_compute_image.last_ubuntu",
            "yandex_vpc_network.lab-net",
            "yandex_vpc_subnet.lan-subnet-a"
          ]
        }
      ]
    },
    {
      "mode": "managed",
      "type": "yandex_vpc_network",
      "name": "lab-net",
      "provider": "provider[\"registry.terraform.io/yandex-cloud/yandex\"]",
      "instances": [
        {
          "schema_version": 0,
          "attributes": {
            "created_at": "2022-11-05T19:23:46Z",
            "default_security_group_id": "",
            "description": "",
            "folder_id": "b1gnbvfpg8dclod4m0st",
            "id": "enp3gdpkr6ae6dfq6llm",
            "labels": {},
            "name": "lab-network",
            "subnet_ids": [],
            "timeouts": null
          },
          "sensitive_attributes": [],
          "private": "eyJlMmJmYjczMC1lY2FhLTExZTYtOGY4OC0zNDM2M2JjN2M0YzAiOnsiY3JlYXRlIjo2MDAwMDAwMDAwMCwiZGVsZXRlIjo2MDAwMDAwMDAwMCwidXBkYXRlIjo2MDAwMDAwMDAwMH19"
        }
      ]
    },
    {
      "mode": "managed",
      "type": "yandex_vpc_subnet",
      "name": "lan-subnet-a",
      "provider": "provider[\"registry.terraform.io/yandex-cloud/yandex\"]",
      "instances": [
        {
          "schema_version": 0,
          "attributes": {
            "created_at": "2022-11-05T19:23:47Z",
            "description": "",
            "dhcp_options": [],
            "folder_id": "b1gnbvfpg8dclod4m0st",
            "id": "e9bs6uun3jbfir23cit3",
            "labels": {},
            "name": "",
            "network_id": "enp3gdpkr6ae6dfq6llm",
            "route_table_id": "",
            "timeouts": null,
            "v4_cidr_blocks": [
              "10.2.0.0/16"
            ],
            "v6_cidr_blocks": [],
            "zone": "ru-central1-a"
          },
          "sensitive_attributes": [],
          "private": "eyJlMmJmYjczMC1lY2FhLTExZTYtOGY4OC0zNDM2M2JjN2M0YzAiOnsiY3JlYXRlIjoxODAwMDAwMDAwMDAsImRlbGV0ZSI6MTgwMDAwMDAwMDAwLCJ1cGRhdGUiOjE4MDAwMDAwMDAwMH19",
          "dependencies": [
            "yandex_vpc_network.lab-net"
          ]
        }
      ]
    }
  ]
}
